
Microsoft Visual Studio Solution File, Format Version 12.00
# Visual Studio Version 16
VisualStudioVersion = 16.0.31019.35
MinimumVisualStudioVersion = 10.0.40219.1
Project("{FAE04EC0-301F-11D3-BF4B-00C04F79EFBC}") = "WpfApp1", "WpfApp1\WpfApp1.csproj", "{E26AD63B-A7F8-4605-A261-75B1D074D673}"
EndProject
Global
	GlobalSection(SolutionConfigurationPlatforms) = preSolution
		Debug|Any CPU = Debug|Any CPU
		Release|Any CPU = Release|Any CPU
	EndGlobalSection
	GlobalSection(ProjectConfigurationPlatforms) = postSolution
		{E26AD63B-A7F8-4605-A261-75B1D074D673}.Debug|Any CPU.ActiveCfg = Debug|Any CPU
		{E26AD63B-A7F8-4605-A261-75B1D074D673}.Debug|Any CPU.Build.0 = Debug|Any CPU
		{E26AD63B-A7F8-4605-A261-75B1D074D673}.Release|Any CPU.ActiveCfg = Release|Any CPU
		{E26AD63B-A7F8-4605-A261-75B1D074D673}.Release|Any CPU.Build.0 = Release|Any CPU
	EndGlobalSection
	GlobalSection(SolutionProperties) = preSolution
		HideSolutionNode = FALSE
	EndGlobalSection
	GlobalSection(ExtensibilityGlobals) = postSolution
		SolutionGuid = {96B07C47-FDE2-4705-AA1A-D20A2A30E41B}
	EndGlobalSection
EndGlobal
